# This file is autogenerated, do not edit; changes may be undone by the next 'dep ensure'.


[[projects]]
  digest = "1:52a8efd8a7ddb4a3e0144541474335359f49836de8daf56b6ba0dd9c047d3d9b"
  name = "github.com/alexedwards/scs"
  packages = [
    ".",
    "stores/cookiestore",
  ]
  pruneopts = "NUT"
  revision = "cfcbf41460ffe695c7d52159fbff3393c646c8f0"
  version = "v1.4.1"

[[projects]]
  branch = "master"
  digest = "1:dd49560573b3eeb2993a036b2dfebf301b7ed2c9220a77322b0747f0257cebdc"
  name = "github.com/bluekeyes/hatpear"
  packages = ["."]
  pruneopts = "NUT"
  revision = "ffb42d5bb417aa8e12b3b7ff73d028b915dafa10"

[[projects]]
  digest = "1:865288d7763eb3e45c4ba1bfde3537f50b30b7b827d32177fd80416e959b6c8d"
  name = "github.com/bradleyfalzon/ghinstallation"
  packages = ["."]
  pruneopts = "NUT"
  revision = "7bdf9f8bf3828df62ed87398508beee1a22a34b1"
  version = "v0.1.3"

[[projects]]
  digest = "1:7a6852b35eb5bbc184561443762d225116ae630c26a7c4d90546619f1e7d2ad2"
  name = "github.com/dgrijalva/jwt-go"
  packages = ["."]
  pruneopts = "NUT"
  revision = "06ea1031745cb8b3dab3f6a236daf2b0aa468b7e"
  version = "v3.2.0"

[[projects]]
  digest = "1:91099c6f78b1e7bdf9ed06eb4cb7f017174293a3689d76b995a06f4c8d64a7f0"
  name = "github.com/google/go-github"
  packages = ["github"]
  pruneopts = "NUT"
  revision = "9686ff0746200cf521ce225525b421e13b4eac1a"
  version = "v28.1.1"

[[projects]]
  digest = "1:a63cff6b5d8b95638bfe300385d93b2a6d9d687734b863da8e09dc834510a690"
  name = "github.com/google/go-querystring"
  packages = ["query"]
  pruneopts = "NUT"
  revision = "44c6ddd0a2342c386950e880b658017258da92fc"
  version = "v1.0.0"

[[projects]]
  branch = "master"
  digest = "1:a2b4fa8b538f6e42d0f38cbdef92e771072d7a64a97ff1512da95554ab2680a1"
  name = "github.com/gregjones/httpcache"
  packages = ["."]
  pruneopts = "NUT"
  revision = "901d90724c7919163f472a9812253fb26761123d"

[[projects]]
  digest = "1:ed860d2b2c1d066d36a89c982eefc7d019badd534f60e87ab65d3d94f0797ef0"
  name = "github.com/hashicorp/golang-lru"
  packages = [
    ".",
    "simplelru",
  ]
  pruneopts = "NUT"
  revision = "7f827b33c0f158ec5dfbba01bb0b14a4541fd81d"
  version = "v0.5.3"

[[projects]]
  branch = "develop"
  digest = "1:46ddf952419f5c8e972c60ad76794b6af1ac9a3e292908a114605a4be2515cff"
  name = "github.com/palantir/go-baseapp"
  packages = [
    "baseapp",
    "pkg/errfmt",
  ]
  pruneopts = "NUT"
  revision = "803ee911331685c77ef3087f8ed2b0feedac2771"

[[projects]]
  digest = "1:14715f705ff5dfe0ffd6571d7d201dd8e921030f8070321a79380d8ca4ec1a24"
  name = "github.com/pkg/errors"
  packages = ["."]
  pruneopts = "NUT"
  revision = "ba968bfe8b2f7e042a574c888954fccecfa385b4"
  version = "v0.8.1"

[[projects]]
  branch = "master"
  digest = "1:45226a195e0a8e8cb87bd1e1689bb85268ad59a423dd95ce4ed2d2381cf2b759"
  name = "github.com/rcrowley/go-metrics"
  packages = ["."]
  pruneopts = "NUT"
  revision = "cac0b30c2563378d434b5af411844adff8e32960"

[[projects]]
  digest = "1:0975c74a2cd70df6c2ae353c6283a25ce759dda7e1e706e5c07458baf3faca22"
  name = "github.com/rs/xid"
  packages = ["."]
  pruneopts = "NUT"
  revision = "15d26544def341f036c5f8dca987a4cbe575032c"
  version = "v1.2.1"

[[projects]]
  digest = "1:ad98d64701633b49aa1df6d52a3c6426b2c5ddd6790fffff5f6c9a05b20e1537"
  name = "github.com/rs/zerolog"
  packages = [
    ".",
    "hlog",
    "internal/cbor",
    "internal/json",
    "log",
  ]
  pruneopts = "NUT"
  revision = "7592fcbe604741a8d6044390c09d70c01569e1b3"
  version = "v1.16.0"

[[projects]]
  branch = "master"
  digest = "1:a42ecf585dcd53dbad216f9283092c5de9b25c3e1cf3cae8fb38de64d7061b4e"
  name = "github.com/shurcooL/githubv4"
  packages = ["."]
  pruneopts = "NUT"
  revision = "6d1ea27df5210159a4fb51d926b09feffed1bc77"

[[projects]]
  branch = "master"
  digest = "1:ae48f0f40520744c5e6c603b61a16cfe0e4c778360fd53c7c8e2eeaa14b283c6"
  name = "github.com/shurcooL/graphql"
  packages = [
    ".",
    "ident",
    "internal/jsonutil",
  ]
  pruneopts = "NUT"
  revision = "d48a9a75455f6af30244670bc0c9d0e38e7392b5"

[[projects]]
  digest = "1:f23222558887a5919f8e9021ecb205395de463f031dd0c049e6e8e547b57c3f4"
  name = "github.com/zenazn/goji"
  packages = ["web/mutil"]
  pruneopts = "NUT"
  revision = "64eb34159fe53473206c2b3e70fe396a639452f2"
  version = "v1.0"

[[projects]]
  digest = "1:6fdeb16154fb0202be42be33e6f891dd768fe391dbc23cc8e18599c536e4c37f"
  name = "goji.io"
  packages = [
    ".",
    "internal",
    "pat",
    "pattern",
  ]
  pruneopts = "NUT"
  revision = "490b001d03d16a116d7c44d95d216c69a1aae798"
  version = "v2.0.2"

[[projects]]
  branch = "master"
  digest = "1:9ff9e02726d2ea057650cc827f1f808ee3ee15aba08f2d68800aa50d7a4e937a"
  name = "golang.org/x/crypto"
  packages = [
    "cast5",
    "internal/subtle",
    "nacl/secretbox",
    "openpgp",
    "openpgp/armor",
    "openpgp/elgamal",
    "openpgp/errors",
    "openpgp/packet",
    "openpgp/s2k",
    "poly1305",
    "salsa20/salsa",
  ]
  pruneopts = "NUT"
  revision = "8986dd9e96cf0a6f74da406c005ba3df38527c04"

[[projects]]
  branch = "master"
  digest = "1:7ccb2dbb79f60b4e530c7dc3a0b3681b3869cf7ea91c645735e4dd4e6e3264fd"
  name = "golang.org/x/net"
  packages = ["context/ctxhttp"]
  pruneopts = "NUT"
  revision = "fe3aa8a4527195a6057b3fad46619d7d090e99b5"

[[projects]]
  branch = "master"
  digest = "1:f3a2e6d7423b8c19cdb2203cda9672900cc43012ea69f30ff6874dd453f44aec"
  name = "golang.org/x/oauth2"
  packages = [
    ".",
    "internal",
  ]
  pruneopts = "NUT"
  revision = "0f29369cfe4552d0e4bcddc57cc75f4d7e672a33"

[[projects]]
  branch = "master"
  digest = "1:95abab3e07422980e85e253e49eb75c05c1dee6e84b50cb0d3353747ef8099eb"
  name = "golang.org/x/sys"
  packages = ["cpu"]
  pruneopts = "NUT"
  revision = "f43be2a4598cf3a47be9f94f0c28197ed9eae611"

[[projects]]
  digest = "1:accc3bfe4e404aa53ac3621470e7cf9fce1efe48f0fabcfe6d12a72579d9d91f"
  name = "gopkg.in/yaml.v2"
  packages = ["."]
  pruneopts = "NUT"
  revision = "f221b8435cfb71e54062f6c6e99e9ade30b124d5"
  version = "v2.2.4"

[solve-meta]
  analyzer-name = "dep"
  analyzer-version = 1
  input-imports = [
    "github.com/alexedwards/scs",
    "github.com/bradleyfalzon/ghinstallation",
    "github.com/google/go-github/github",
    "github.com/gregjones/httpcache",
    "github.com/hashicorp/golang-lru",
    "github.com/palantir/go-baseapp/baseapp",
    "github.com/pkg/errors",
    "github.com/rcrowley/go-metrics",
    "github.com/rs/zerolog",
    "github.com/shurcooL/githubv4",
    "goji.io/pat",
    "golang.org/x/oauth2",
    "gopkg.in/yaml.v2",
  ]
  solver-name = "gps-cdcl"
  solver-version = 1
